
Microsoft Visual Studio Solution File, Format Version 12.00
# Visual Studio Version 17
VisualStudioVersion = 17.4.33205.214
MinimumVisualStudioVersion = 10.0.40219.1
Project("{9A19103F-16F7-4668-BE54-9A1E7A4F7556}") = "AudioLibrary", "AudioLibrary.csproj", "{7D6A5D39-999E-4554-8896-8970D241D9F6}"
EndProject
Global
	GlobalSection(SolutionConfigurationPlatforms) = preSolution
		Debug|Any CPU = Debug|Any CPU
		Release|Any CPU = Release|Any CPU
	EndGlobalSection
	GlobalSection(ProjectConfigurationPlatforms) = postSolution
		{7D6A5D39-999E-4554-8896-8970D241D9F6}.Debug|Any CPU.ActiveCfg = Debug|Any CPU
		{7D6A5D39-999E-4554-8896-8970D241D9F6}.Debug|Any CPU.Build.0 = Debug|Any CPU
		{7D6A5D39-999E-4554-8896-8970D241D9F6}.Release|Any CPU.ActiveCfg = Release|Any CPU
		{7D6A5D39-999E-4554-8896-8970D241D9F6}.Release|Any CPU.Build.0 = Release|Any CPU
	EndGlobalSection
	GlobalSection(SolutionProperties) = preSolution
		HideSolutionNode = FALSE
	EndGlobalSection
	GlobalSection(ExtensibilityGlobals) = postSolution
		SolutionGuid = {3314B90D-BF4F-4971-AB2C-9533CC5B4970}
	EndGlobalSection
EndGlobal
